Microsoft Visual Studio Solution File, Format Version 12.00
# Visual Studio Version 17
VisualStudioVersion = 17.13.35806.99
MinimumVisualStudioVersion = 10.0.40219.1
Project("{54A90642-561A-4BB1-A94E-469ADEE60C69}") = "PedidoAdministrativo", "PedidoAdministrativo\PedidoAdministrativo.esproj", "{45E3D442-0C59-6B98-9BE0-1E8764FD4331}"
EndProject
Global
	GlobalSection(SolutionConfigurationPlatforms) = preSolution
		Debug|Any CPU = Debug|Any CPU
		Release|Any CPU = Release|Any CPU
	EndGlobalSection
	GlobalSection(ProjectConfigurationPlatforms) = postSolution
		{45E3D442-0C59-6B98-9BE0-1E8764FD4331}.Debug|Any CPU.ActiveCfg = Debug|Any CPU
		{45E3D442-0C59-6B98-9BE0-1E8764FD4331}.Debug|Any CPU.Build.0 = Debug|Any CPU
		{45E3D442-0C59-6B98-9BE0-1E8764FD4331}.Debug|Any CPU.Deploy.0 = Debug|Any CPU
		{45E3D442-0C59-6B98-9BE0-1E8764FD4331}.Release|Any CPU.ActiveCfg = Release|Any CPU
		{45E3D442-0C59-6B98-9BE0-1E8764FD4331}.Release|Any CPU.Build.0 = Release|Any CPU
		{45E3D442-0C59-6B98-9BE0-1E8764FD4331}.Release|Any CPU.Deploy.0 = Release|Any CPU
	EndGlobalSection
	GlobalSection(SolutionProperties) = preSolution
		HideSolutionNode = FALSE
	EndGlobalSection
	GlobalSection(ExtensibilityGlobals) = postSolution
		SolutionGuid = {E41EE2F1-A9B1-43C1-8F2C-1FD6F253A9F4}
	EndGlobalSection
EndGlobal
